
Microsoft Visual Studio Solution File, Format Version 12.00
# Visual Studio Version 17
VisualStudioVersion = 17.3.32929.385
MinimumVisualStudioVersion = 10.0.40219.1
Project("{FAE04EC0-301F-11D3-BF4B-00C04F79EFBC}") = "restaurant10TablesReservationSystem", "restaurant10TablesReservationSystem\restaurant10TablesReservationSystem.csproj", "{72E2170D-BE64-40DA-B6FF-4F4C580D3014}"
EndProject
Global
	GlobalSection(SolutionConfigurationPlatforms) = preSolution
		Debug|Any CPU = Debug|Any CPU
		Release|Any CPU = Release|Any CPU
	EndGlobalSection
	GlobalSection(ProjectConfigurationPlatforms) = postSolution
		{72E2170D-BE64-40DA-B6FF-4F4C580D3014}.Debug|Any CPU.ActiveCfg = Debug|Any CPU
		{72E2170D-BE64-40DA-B6FF-4F4C580D3014}.Debug|Any CPU.Build.0 = Debug|Any CPU
		{72E2170D-BE64-40DA-B6FF-4F4C580D3014}.Release|Any CPU.ActiveCfg = Release|Any CPU
		{72E2170D-BE64-40DA-B6FF-4F4C580D3014}.Release|Any CPU.Build.0 = Release|Any CPU
	EndGlobalSection
	GlobalSection(SolutionProperties) = preSolution
		HideSolutionNode = FALSE
	EndGlobalSection
	GlobalSection(ExtensibilityGlobals) = postSolution
		SolutionGuid = {4EA45C31-3455-47AA-8A7D-564E2A6EC6D2}
	EndGlobalSection
EndGlobal
